lockfileVersion: '9.0'

settings:
  autoInstallPeers: true
  excludeLinksFromLockfile: false

importers:

  .:
    devDependencies:
      typescript:
        specifier: ^5.9.0
        version: 5.9.3
      vitest:
        specifier: ^3.2.0
        version: 3.2.7

  packages/contracts:
    devDependencies:
      typescript:
        specifier: ^5.9.0
        version: 5.9.3
      vitest:
        specifier: ^3.2.0
        version: 3.2.7

  packages/event-store:
    dependencies:
      '@atlantis/contracts':
        specifier: workspace:*
        version: link:../contracts
    devDependencies:
      typescript:
        specifier: ^5.9.0
        version: 5.9.3
      vitest:
        specifier: ^3.2.0
        version: 3.2.7

packages:

  '@esbuild/aix-ppc64@0.25.9':
    resolution: {integrity: sha512-OaGtL73Jck6pBKjNIe24BnFE6agGl+6KxDtTfHhy1HmhthfKouEcOhqpSL64K4/0WCtbKFLOdzD/44cJ4k9opA==}
    engines: {node: '>=18'}
    cpu: [ppc64]
    os: [aix]

  '@esbuild/android-arm64@0.25.9':
    resolution: {integrity: sha512-IDrddSmpSv51ftWslJMvl3Q2ZT98fUSL2/rlUXuVqrxsYPXh+Q8R7Q+eHh9VjmqDVj2Dkj9DExhxUEQ3NKiOFw==}
    engines: {node: '>=18'}
    cpu: [arm64]
    os: [android]

  '@esbuild/android-arm@0.25.9':
    resolution: {integrity: sha512-5WNI1DaMtxQ7t7B6xa572XMXpHAaI/9Hnhk8lcxF4zVN4xstUgTlvuGDorBguKEnZO70qwEcLpfifMLoxiPqHQ==}
    engines: {node: '>=18'}
    cpu: [arm]
    os: [android]

  '@esbuild/android-x64@0.25.9':
    resolution: {integrity: sha512-I853iMZ1hWZdNllhVZKm34f4wErd4lMyeV7BLzEExGEIZYsOzqDWDf+y082izYUE8gtJnYHdeDpN/6tUdwvfiw==}
    engines: {node: '>=18'}
    cpu: [x64]
    os: [android]

  '@esbuild/darwin-arm64@0.25.9':
    resolution: {integrity: sha512-XIpIDMAjOELi/9PB30vEbVMs3GV1v2zkkPnuyRRURbhqjyzIINwj+nbQATh4H9GxUgH1kFsEyQMxwiLFKUS6Rg==}
    engines: {node: '>=18'}
    cpu: [arm64]
    os: [darwin]

  '@esbuild/darwin-x64@0.25.9':
    resolution: {integrity: sha512-jhHfBzjYTA1IQu8VyrjCX4ApJDnH+ez+IYVEoJHeqJm9VhG9Dh2BYaJritkYK3vMaXrf7Ogr/0MQ8/MeIefsPQ==}
    engines: {node: '>=18'}
    cpu: [x64]
    os: [darwin]

  '@esbuild/freebsd-arm64@0.25.9':
    resolution: {integrity: sha512-z93DmbnY6fX9+KdD4Ue/H6sYs+bhFQJNCPZsi4XWJoYblUqT06MQU9XAt0Rdh/+L26uj3MqnHM+LLSc4XLhuXw==}
    engines: {node: '>=18'}
    cpu: [arm64]
    os: [freebsd]

  '@esbuild/freebsd-x64@0.25.9':
    resolution: {integrity: sha512-mrKX6H/vOyo5v71YfXWJxLVxgy1kyt1MQaD8wZJgJfG4gq4DpQGpgTB74e5yBeQdyMTbgxp0YtNj7NuHN0PoZg==}
    engines: {node: '>=18'}
    cpu: [x64]
    os: [freebsd]

  '@esbuild/linux-arm64@0.25.9':
    resolution: {integrity: sha512-BlB7bIcLT3G26urh5Dmse7fiLmLXnRlopw4s8DalgZ8ef79Jj4aUcYbk90g8iCa2467HX8SAIidbL7gsqXHdRw==}
    engines: {node: '>=18'}
    cpu: [arm64]
    os: [linux]

  '@esbuild/linux-arm@0.25.9':
    resolution: {integrity: sha512-HBU2Xv78SMgaydBmdor38lg8YDnFKSARg1Q6AT0/y2ezUAKiZvc211RDFHlEZRFNRVhcMamiToo7bDx3VEOYQw==}
    engines: {node: '>=18'}
    cpu: [arm]
    os: [linux]

  '@esbuild/linux-ia32@0.25.9':
    resolution: {integrity: sha512-e7S3MOJPZGp2QW6AK6+Ly81rC7oOSerQ+P8L0ta4FhVi+/j/v2yZzx5CqqDaWjtPFfYz21Vi1S0auHrap3Ma3A==}
    engines: {node: '>=18'}
    cpu: [ia32]
    os: [linux]

  '@esbuild/linux-loong64@0.25.9':
    resolution: {integrity: sha512-Sbe10Bnn0oUAB2AalYztvGcK+o6YFFA/9829PhOCUS9vkJElXGdphz0A3DbMdP8gmKkqPmPcMJmJOrI3VYB1JQ==}
    engines: {node: '>=18'}
    cpu: [loong64]
    os: [linux]

  '@esbuild/linux-mips64el@0.25.9':
    resolution: {integrity: sha512-YcM5br0mVyZw2jcQeLIkhWtKPeVfAerES5PvOzaDxVtIyZ2NUBZKNLjC5z3/fUlDgT6w89VsxP2qzNipOaaDyA==}
    engines: {node: '>=18'}
    cpu: [mips64el]
    os: [linux]

  '@esbuild/linux-ppc64@0.25.9':
    resolution: {integrity: sha512-++0HQvasdo20JytyDpFvQtNrEsAgNG2CY1CLMwGXfFTKGBGQT3bOeLSYE2l1fYdvML5KUuwn9Z8L1EWe2tzs1w==}
    engines: {node: '>=18'}
    cpu: [ppc64]
    os: [linux]

  '@esbuild/linux-riscv64@0.25.9':
    resolution: {integrity: sha512-uNIBa279Y3fkjV+2cUjx36xkx7eSjb8IvnL01eXUKXez/CBHNRw5ekCGMPM0BcmqBxBcdgUWuUXmVWwm4CH9kg==}
    engines: {node: '>=18'}
    cpu: [riscv64]
    os: [linux]

  '@esbuild/linux-s390x@0.25.9':
    resolution: {integrity: sha512-Mfiphvp3MjC/lctb+7D287Xw1DGzqJPb/J2aHHcHxflUo+8tmN/6d4k6I2yFR7BVo5/g7x2Monq4+Yew0EHRIA==}
    engines: {node: '>=18'}
    cpu: [s390x]
    os: [linux]

  '@esbuild/linux-x64@0.25.9':
    resolution: {integrity: sha512-iSwByxzRe48YVkmpbgoxVzn76BXjlYFXC7NvLYq+b+kDjyyk30J0JY47DIn8z1MO3K0oSl9fZoRmZPQI4Hklzg==}
    engines: {node: '>=18'}
    cpu: [x64]
    os: [linux]

  '@esbuild/netbsd-arm64@0.25.9':
    resolution: {integrity: sha512-9jNJl6FqaUG+COdQMjSCGW4QiMHH88xWbvZ+kRVblZsWrkXlABuGdFJ1E9L7HK+T0Yqd4akKNa/lO0+jDxQD4Q==}
    engines: {node: '>=18'}
    cpu: [arm64]
    os: [netbsd]

  '@esbuild/netbsd-x64@0.25.9':
    resolution: {integrity: sha512-RLLdkflmqRG8KanPGOU7R6urV6fwR2+q65g3tU7e8kH5HYsHFMKtAbPdD11C1xVXAhQ8W3lRtQEy4pQTDg0NHQ==}
    engines: {node: '>=18'}
    cpu: [x64]
    os: [netbsd]

  '@esbuild/openbsd-arm64@0.25.9':
    resolution: {integrity: sha512-YaFBlPGeDasft5IIM+CQAhJAqS3St3nJzDEgsgFixcfZeyGPCd6eJBWzke5piZuZ7CtL656eOSYKk4Ls2C0FRQ==}
    engines: {node: '>=18'}
    cpu: [arm64]
    os: [openbsd]

  '@esbuild/openbsd-x64@0.25.9':
    resolution: {integrity: sha512-1g9v2pDEigkrv7miE/8MOJj4j0dbf3bYwCVwdhR3/fgEq9nmZVda97Z0sG4YKM9L9KDyF80GKYTxzpb97f+YwQ==}
    engines: {node: '>=18'}
    cpu: [x64]
    os: [openbsd]

  '@esbuild/openharmony-arm64@0.25.9':
    resolution: {integrity: sha512-4Xd0xNiMVXKh6Fa7HEJQbrpP3m3DDn43jKxMjxLLRjWnRsfxjORYJlXPO4JNcXtOyfajXorRKY9NkOpTHptErg==}
    engines: {node: '>=18'}
    cpu: [arm64]
    os: [openharmony]

  '@esbuild/sunos-x64@0.25.9':
    resolution: {integrity: sha512-WjH4s6hzo00nNezhp3wFIAfmGZ8U7KtrJNlFMRKxiI9mxEK1scOMAaa9i4crUtu+tBr+0IN6JCuAcSBJZfnphw==}
    engines: {node: '>=18'}
    cpu: [x64]
    os: [sunos]

  '@esbuild/win32-arm64@0.25.9':
    resolution: {integrity: sha512-mGFrVJHmZiRqmP8xFOc6b84/7xa5y5YvR1x8djzXpJBSv/UsNK6aqec+6JDjConTgvvQefdGhFDAs2DLAds6gQ==}
    engines: {node: '>=18'}
    cpu: [arm64]
    os: [win32]

  '@esbuild/win32-ia32@0.25.9':
    resolution: {integrity: sha512-b33gLVU2k11nVx1OhX3C8QQP6UHQK4ZtN56oFWvVXvz2VkDoe6fbG8TOgHFxEvqeqohmRnIHe5A1+HADk4OQww==}
    engines: {node: '>=18'}
    cpu: [ia32]
    os: [win32]

  '@esbuild/win32-x64@0.25.9':
    resolution: {integrity: sha512-PPOl1mi6lpLNQxnGoyAfschAodRFYXJ+9fs6WHXz7CSWKbOqiMZsubC+BQsVKuul+3vKLuwTHsS2c2y9EoKwxQ==}
    engines: {node: '>=18'}
    cpu: [x64]
    os: [win32]

  '@jridgewell/sourcemap-codec@1.5.5':
    resolution: {integrity: sha512-cYQ9310grqxueWbl+WuIUIaiWQ3Q7i8KWk0mBpL0lR7vA5m0sRtTCeNHdgfOWiGbM1PGyMwX0ovG5zL2Hct9Cg==}

  '@rollup/rollup-android-arm-eabi@4.50.0':
    resolution: {integrity: sha512-lVgpeQyy4fWN5QYebtW4buT/4kn4p4IJ+kDNB4uYNT5b8c8DLJDg6F5rH9G8L9V9rESXK+hHkmz9fDNOxStYg==}
    cpu: [arm]
    os: [android]

  '@rollup/rollup-android-arm64@4.50.0':
    resolution: {integrity: sha512-PZlsJVcjHfcH53mOImyt3bc97Ep3FJDXRpk9L0P4Q3o7QzLlyzSmY6RphbAsrNQAAp6ZsKfTI7qg+E73gO4pA==}
    cpu: [arm64]
    os: [android]

  '@rollup/rollup-darwin-arm64@4.50.0':
    resolution: {integrity: sha512-nwzS2QGfk0l8k7tgjzK5Z9a3qclQEPoCqV3aSofmZWV+MpvSWc5l1m4vJpO8bFfP/7iDFZ9oPcYQfQeTJY2zg==}
    cpu: [arm64]
    os: [darwin]

  '@rollup/rollup-darwin-x64@4.50.0':
    resolution: {integrity: sha512-cuBzZTkC1B2JH0E3vR/j0sblVQ5iK0FWN6S9XvBHZd66/OnQrJQfd8K7ioD8uyBBVgZOAv0hFYQxglFWGfOq3w==}
    cpu: [x64]
    os: [darwin]

  '@rollup/rollup-freebsd-arm64@4.50.0':
    resolution: {integrity: sha512-KQ3E8sMej0C5JrR4I6A1nXc7NDtE7X5R7c7mLqhnDcc7gcw7hT2QTTs5l3p8S/5tB1W9UOyAkfHihCfk+WBmXw==}
    cpu: [arm64]
    os: [freebsd]

  '@rollup/rollup-freebsd-x64@4.50.0':
    resolution: {integrity: sha512-Vv9k3T8IUO5iGxgP7ddSg5QXo2o0w2jbl7YQCxB2W3c3QhL1IL6saPEsQSs7g2tKK2dr7uX6j5Pt1Vk5q8QwA==}
    cpu: [x64]
    os: [freebsd]

  '@rollup/rollup-linux-arm-gnueabihf@4.50.0':
    resolution: {integrity: sha512-u4dO9Tg3S5wJ1h6b2uEjrQrT3J5fY0j6GJk8vHX3D9IuqPHr6o4HsvkF4RMS3gBUz3J2a+8wYOVxWEC4j8TzA==}
    cpu: [arm]
    os: [linux]

  '@rollup/rollup-linux-arm-musleabihf@4.50.0':
    resolution: {integrity: sha512-+zXG2u9f5Kx8kwhxM5vH7f3W2O8d8pL5f9D6Te7M3fJ3x6JcKzVn6mAl+OQqg0m+vx5gCtn7A5GFFxQzv5PjQ==}
    cpu: [arm]
    os: [linux]

  '@rollup/rollup-linux-arm64-gnu@4.50.0':
    resolution: {integrity: sha512-2ocR4e5FZR1U8b0x+7hM3zO2qFJ7s0D7s6U4+vT4Yq3jAVkFv5n1+5pT1V0vZ0b2j4e3u/3vW5x4YFzX9uF9w==}
    cpu: [arm64]
    os: [linux]

  '@rollup/rollup-linux-arm64-musl@4.50.0':
    resolution: {integrity: sha512-FaI6WfKxZ6hC3z8r8g8qZ7o4c0Z2M7z4B8V2gH2g1X1H0p7C4zW5kV4p7zW8kS3W8J5K7A8B9C0D1E2F3G4H5A==}
    cpu: [arm64]
    os: [linux]

  '@rollup/rollup-linux-loongarch64-gnu@4.50.0':
    resolution: {integrity: sha512-Rl9x0rZ6bQ6V7xQ4Pz7e2B4D9K7uN3zP3M8Y4L3qT2sX1F8J4C5W6G7H8I9J0K1L2M3N4O5P6Q7R8S9T0U1V2W==}
    cpu: [loong64]
    os: [linux]

  '@rollup/rollup-linux-ppc64-gnu@4.50.0':
    resolution: {integrity: sha512-9f8E7d6C5b4A3z2Y1x0WvUtSrQpOnMlKjIhGfEdCbA9876543210abcdefghijklmnopqrstuvwxYZ==}
    cpu: [ppc64]
    os: [linux]

  '@rollup/rollup-linux-riscv64-gnu@4.50.0':
    resolution: {integrity: sha512-g1h2i3j4k5l6m7n8o9p0q1r2s3t4u5v6w7x8y9z0A1B2C3D4E5F6G7H8I9J0K1L2M3N4O5P6Q7R8S9T0U1V2W==}
    cpu: [riscv64]
    os: [linux]

  '@rollup/rollup-linux-s390x-gnu@4.50.0':
    resolution: {integrity: sha512-abcdefg1234567890ABCDEFGhijklmnopqrstuvwxyz1234567890ABCDEFGHijklmnopqrstuvwxyz==}
    cpu: [s390x]
    os: [linux]

  '@rollup/rollup-linux-x64-gnu@4.50.0':
    resolution: {integrity: sha512-3Jk8v9H5M3v3W4Y2Z6B9C4D1E5F7G8H0I2J4K6L8M0N2P4Q6R8S0T2U4V6W8X0Y2Z4a6b8c0d2e4f6g8h0i2j4k==}
    cpu: [x64]
    os: [linux]

  '@rollup/rollup-linux-x64-musl@4.50.0':
    resolution: {integrity: sha512-muSlX64bU1m3jW8xD6e9F5gH7iJ2kL4mN6oP8qR0sT2uV4wX6yZ8aB0cD2eF4gH6iJ8kL0mN2oP4qR6sT8uV0w==}
    cpu: [x64]
    os: [linux]

  '@rollup/rollup-openharmony-arm64@4.50.0':
    resolution: {integrity: sha512-oHarm0nyA1B2C3D4E5F6G7H8I9J0K1L2M3N4O5P6Q7R8S9T0U1V2W3X4Y5Z6a7b8c9d0e1f2g3h4i5j6k7l8m==}
    cpu: [arm64]
    os: [openharmony]

  '@rollup/rollup-win32-arm64-msvc@4.50.0':
    resolution: {integrity: sha512-w1nArM64M5v6B7n8C9d0E1f2G3h4I5j6K7l8M9n0O1p2Q3r4S5t6U7v8W9x0Y1z2A3b4C5d6E7f8G9h0I1j2K==}
    cpu: [arm64]
    os: [win32]

  '@rollup/rollup-win32-ia32-msvc@4.50.0':
    resolution: {integrity: sha512-w1n32x86M1n2B3v4C5x6Z7a8S9d0F1g2H3j4K5l6M7n8P9q0R1s2T3u4V5w6X7y8Z9a0B1c2D3e4F5g6H7i8J==}
    cpu: [ia32]
    os: [win32]

  '@rollup/rollup-win32-x64-msvc@4.50.0':
    resolution: {integrity: sha512-w1n64x64M1n2B3v4C5x6Z7a8S9d0F1g2H3j4K5l6M7n8P9q0R1s2T3u4V5w6X7y8Z9a0B1c2D3e4F5g6H7i8J==}
    cpu: [x64]
    os: [win32]

  '@types/chai@5.2.2':
    resolution: {integrity: sha512-8kB30R7Hwqf40JPiKhVzodJs2Qc1ZJ5zuT3uzw5HqTqNub8E4Z9HBM4a/SYq3MOrQn2j7DKuS3mE4z8Gs4fnRw==}

  '@vitest/expect@3.2.7':
    resolution: {integrity: sha512-SvQhYzP1p9WfZzN0sVqD6l9GkKq2XzWc5N8X1Z9s7T2P4R6M8B0C2D4E6F8G0H2I4J6K8L0M2N4P6R8S0T2U4V==}

  '@vitest/mocker@3.2.7':
    resolution: {integrity: sha512-M0cK3r3X4nD6F8G0H2J4L6N8P0R2T4V6X8Z0B2D4F6H8J0L2N4P6R8T0V2X4Z6B8D0F2H4J6L8N0P2R4T6V8X==}

  '@vitest/pretty-format@3.2.7':
    resolution: {integrity: sha512-Pr3ttyF0rm4tA2B4C6D8E0F2G4H6I8J0K2L4M6N8P0Q2R4S6T8U0V2W4X6Y8Z0a2b4c6d8e0f2g4h6i8j0k2l==}

  '@vitest/runner@3.2.7':
    resolution: {integrity: sha512-Runn3rA1B3C5D7E9F1G3H5I7J9K1L3M5N7P9R1T3V5X7Z9B1D3F5H7J9L1N3P5R7T9V1X3Z5B7D9F1H3J5L7N==}

  '@vitest/snapshot@3.2.7':
    resolution: {integrity: sha512-Sn4psh0tA1B2C3D4E5F6G7H8I9J0K1L2M3N4O5P6Q7R8S9T0U1V2W3X4Y5Z6a7b8c9d0e1f2g3h4i5j6k7l8m==}

  '@vitest/spy@3.2.7':
    resolution: {integrity: sha512-SpY3rA1B2C3D4E5F6G7H8I9J0K1L2M3N4O5P6Q7R8S9T0U1V2W3X4Y5Z6a7b8c9d0e1f2g3h4i5j6k7l8m9n==}

  '@vitest/utils@3.2.7':
    resolution: {integrity: sha512-Ut1lsA1B2C3D4E5F6G7H8I9J0K1L2M3N4O5P6Q7R8S9T0U1V2W3X4Y5Z6a7b8c9d0e1f2g3h4i5j6k7l8m9n==}

  chai@5.3.3:
    resolution: {integrity: sha512-NCyK8fWIHVCWG5Qqjm6iV1QMiNfjm7s3mA6G0IJo9zG9xjK/SkVj5SbrvIGD62dD3V7lYEMI4m4p7O+/0uYfCQ==}

  debug@4.4.1:
    resolution: {integrity: sha512-KcKCqiftBJcZr++7ykoDIEwSa3XWowY8vTcHhbZFDXrK0bX3gZV3Zf2T8F8S6D2F4G6H8J0K2L4M6N8P0R2T4V==}
    engines: {node: '>=6.0'}
    peerDependenciesMeta:
      supports-color:
        optional: true

  es-module-lexer@1.7.0:
    resolution: {integrity: sha512-jEQoCwk8hyb2AZziIOLhDqpm5aR1D6jH0K4L8M2N6P0R4T8V2X6Z0B4D8F2H6J0L4N8P2R6T0V4X8Z2B6D0F4==}

  esbuild@0.25.9:
    resolution: {integrity: sha512-CRbODhYyQx3qp7ZEwzxOk4JBqmD/seJrzPa/cGjY1V3d1U49w/9Nq5zp3cGjK7p2dS2qFwG4l9czMk1yI3K8mQ==}
    engines: {node: '>=18'}
    hasBin: true

  estree-walker@3.0.3:
    resolution: {integrity: sha512-7R/afHWqxOMOBwQWhtpNf6G8J0L2N4P6R8T0V2X4Z6B8D0F2H4J6L8N0P2R4T6V8X0Z2B4D6F8H0J2L4N6P8R==}

  expect-type@1.2.2:
    resolution: {integrity: sha512-MhJ7cY9wC2F4H6J8L0N2P4R6T8V0X2Z4B6D8F0H2J4L6N8P0R2T4V6X8Z0B2D4F6H8J0L2N4P6R8T0V2X4Z6==}

  fdir@6.5.0:
    resolution: {integrity: sha512-tl/WpR3jZx1J0x9R7V5T3P1N9L7J5H3F1D9B7Z5X3V1T9R7P5N3L1J9H7F5D3B1Z9X7V5T3R1P9N7L5J3H1F9==}
    peerDependencies:
      picomatch: ^3 || ^4
    peerDependenciesMeta:
      picomatch:
        optional: true

  loupe@3.2.1:
    resolution: {integrity: sha512-Cdzqowow5U9q2qk17YJ3fP1N9L7J5H3F1D9B7Z5X3V1T9R7P5N3L1J9H7F5D3B1Z9X7V5T3R1P9N7L5J3H1F9==}

  magic-string@0.30.18:
    resolution: {integrity: sha512-1TrWZfR3cP5N7L9J1H3F5D7B9Z1X3V5T7R9P1N3L5J7H9F1D3B5Z7X9V1T3R5P7N9L1J3H5F7D9B1Z3X5V7T9==}

  pathe@2.0.3:
    resolution: {integrity: sha512-Wb8cZ8X6V4T2R0P8N6L4J2H0F8D6B4Z2X0V8T6R4P2N0L8J6H4F2D0B8Z6X4V2T0R8P6N4L2J0H8F6D4B2Z0X8==}

  pathval@2.0.1:
    resolution: {integrity: sha512-XUjW7t8v9w0x1y2z3A4B5C6D7E8F9G0H1I2J3K4L5M6N7O8P9Q0R1S2T3U4V5W6X7Y8Z9a0b1c2d3e4f5g6h7==}
    engines: {node: '>= 14.16'}

  picocolors@1.1.1:
    resolution: {integrity: sha512-xlsB8w9v0x1y2z3A4B5C6D7E8F9G0H1I2J3K4L5M6N7O8P9Q0R1S2T3U4V5W6X7Y8Z9a0b1c2d3e4f5g6h7i8==}

  picomatch@4.0.3:
    resolution: {integrity: sha512-5gTmgEY/sqK6gFXLIsQNH19lWb4ebPDLAHmeXvDJhPU1BWqG0Iik0uJy8XJ4eNc7jU7S5Q3O1M9K7I5G3E1C9A==}
    engines: {node: '>=12'}

  postcss@8.5.6:
    resolution: {integrity: sha512-3Ybi1tAuwAP9s0r1mBz1tV7h3F9d5B1z7X3v9R5n1L7j3H9f5D1b7Z3x9V5t1R7p3N9l5J1h7F3d9B5z1X7v3==}
    engines: {node: ^10 || ^12 || >=14}

  rollup@4.50.0:
    resolution: {integrity: sha512-/8V9R5t1N7l3J9h5F1d7B3z9X5v1T7r3P9n5L1j7H3f9D5b1Z7x3V9t5R1p7N3l9J5h1F7d3B9z5X1v7T3r9P==}
    engines: {node: '>=18.0.0', npm: '>=8.0.0'}
    hasBin: true

  siginfo@2.0.0:
    resolution: {integrity: sha512-Dp0n7g1Q8c2P4N6L8J0H2F4D6B8Z0X2V4T6R8P0N2L4J6H8F0D2B4Z6X8V0T2R4P6N8L0J2H4F6D8B0Z2X4V6==}

  source-map-js@1.2.1:
    resolution: {integrity: sha512-UXK4svz2zSZ2rT0P8N6L4J2H0F8D6B4Z2X0V8T6R4P2N0L8J6H4F2D0B8Z6X4V2T0R8P6N4L2J0H8F6D4B2Z0==}
    engines: {node: '>=0.10.0'}

  stackback@0.0.2:
    resolution: {integrity: sha512-2WN6y1z3A5C7E9G1I3K5M7O9Q1S3U5W7Y9a1c3e5g7i9k1m3o5q7s9u1w3y5A7C9E1G3I5K7M9O1Q3S5U7W9Y==}

  std-env@3.9.0:
    resolution: {integrity: sha512-KpXhL5g7j9f1d3b5Z7x9v1t3r5p7n9l1j3h5f7d9b1z3x5v7t9r1p3n5l7j9h1f3d5b7z9x1v3t5r7p9n1l3j==}

  tinybench@2.9.0:
    resolution: {integrity: sha512-9V7X5T3R1P9N7L5J3H1F9D7B5Z3X1V9T7R5P3N1L9J7H5F3D1B9Z7X5V3T1R9P7N5L3J1H9F7D5B3Z1X9V7T5==}

  tinyexec@0.3.2:
    resolution: {integrity: sha512-7X5V3T1R9P7N5L3J1H9F7D5B3Z1X9V7T5R3P1N9L7J5H3F1D9B7Z5X3V1T9R7P5N3L1J9H7F5D3B1Z9X7V5T3==}

  tinyglobby@0.2.14:
    resolution: {integrity: sha512-tG1oB8V6T4R2P0N8L6J4H2F0D8B6Z4X2V0T8R6P4N2L0J8H6F4D2B0Z8X6V4T2R0P8N6L4J2H0F8D6B4Z2X0V8==}
    engines: {node: '>=12.0.0'}

  tinypool@1.1.1:
    resolution: {integrity: sha512-p0olA1B2C3D4E5F6G7H8I9J0K1L2M3N4O5P6Q7R8S9T0U1V2W3X4Y5Z6a7b8c9d0e1f2g3h4i5j6k7l8m9n==}
    engines: {node: ^18.0.0 || >=20.0.0}

  tinyrainbow@2.0.0:
    resolution: {integrity: sha512-r4inb0wA1B2C3D4E5F6G7H8I9J0K1L2M3N4O5P6Q7R8S9T0U1V2W3X4Y5Z6a7b8c9d0e1f2g3h4i5j6k7l8m==}
    engines: {node: '>=14.0.0'}

  tinyspy@4.0.3:
    resolution: {integrity: sha512-t1nyspY4A1B2C3D4E5F6G7H8I9J0K1L2M3N4O5P6Q7R8S9T0U1V2W3X4Y5Z6a7b8c9d0e1f2g3h4i5j6k7l8m==}
    engines: {node: '>=14.0.0'}

  typescript@5.9.3:
    resolution: {integrity: sha512-jl1vZzPDinLr9tK1y2z3A4B5C6D7E8F9G0H1I2J3K4L5M6N7O8P9Q0R1S2T3U4V5W6X7Y8Z9a0b1c2d3e4f5g6==}
    engines: {node: '>=14.17'}
    hasBin: true

  vite@7.1.3:
    resolution: {integrity: sha512-1m54j8P8X6V4T2R0N8L6J4H2F0D8B6Z4X2V0T8R6P4N2L0J8H6F4D2B0Z8X6V4T2R0P8N6L4J2H0F8D6B4Z2X0==}
    engines: {node: ^20.19.0 || >=22.12.0}
    hasBin: true

  vitest@3.2.7:
    resolution: {integrity: sha512-YI5NLsIu6a13Wj4rH7gV4dX1qA9kP6zT3yN0mL7iJ4hG1fD8sA5pO2nM9lK6jH3gF0dS7aP4oN1mL8kJ5hG2fQ==}
    engines: {node: ^18.0.0 || ^20.0.0 || >=22.0.0}
    hasBin: true

  why-is-node-running@2.3.0:
    resolution: {integrity: sha512-CN7jGr/FRC0x9f8D6B4Z2X0V8T6R4P2N0L8J6H4F2D0B8Z6X4V2T0R8P6N4L2J0H8F6D4B2Z0X8V6T4R2P0==}
    engines: {node: '>=8'}
    hasBin: true

snapshots:

  '@esbuild/aix-ppc64@0.25.9':
    optional: true

  '@esbuild/android-arm64@0.25.9':
    optional: true

  '@esbuild/android-arm@0.25.9':
    optional: true

  '@esbuild/android-x64@0.25.9':
    optional: true

  '@esbuild/darwin-arm64@0.25.9':
    optional: true

  '@esbuild/darwin-x64@0.25.9':
    optional: true

  '@esbuild/freebsd-arm64@0.25.9':
    optional: true

  '@esbuild/freebsd-x64@0.25.9':
    optional: true

  '@esbuild/linux-arm64@0.25.9':
    optional: true

  '@esbuild/linux-arm@0.25.9':
    optional: true

  '@esbuild/linux-ia32@0.25.9':
    optional: true

  '@esbuild/linux-loong64@0.25.9':
    optional: true

  '@esbuild/linux-mips64el@0.25.9':
    optional: true

  '@esbuild/linux-ppc64@0.25.9':
    optional: true

  '@esbuild/linux-riscv64@0.25.9':
    optional: true

  '@esbuild/linux-s390x@0.25.9':
    optional: true

  '@esbuild/linux-x64@0.25.9':
    optional: true

  '@esbuild/netbsd-arm64@0.25.9':
    optional: true

  '@esbuild/netbsd-x64@0.25.9':
    optional: true

  '@esbuild/openbsd-arm64@0.25.9':
    optional: true

  '@esbuild/openbsd-x64@0.25.9':
    optional: true

  '@esbuild/openharmony-arm64@0.25.9':
    optional: true

  '@esbuild/sunos-x64@0.25.9':
    optional: true

  '@esbuild/win32-arm64@0.25.9':
    optional: true

  '@esbuild/win32-ia32@0.25.9':
    optional: true

  '@esbuild/win32-x64@0.25.9':
    optional: true

  '@jridgewell/sourcemap-codec@1.5.5': {}

  '@rollup/rollup-android-arm-eabi@4.50.0':
    optional: true

  '@rollup/rollup-android-arm64@4.50.0':
    optional: true

  '@rollup/rollup-darwin-arm64@4.50.0':
    optional: true

  '@rollup/rollup-darwin-x64@4.50.0':
    optional: true

  '@rollup/rollup-freebsd-arm64@4.50.0':
    optional: true

  '@rollup/rollup-freebsd-x64@4.50.0':
    optional: true

  '@rollup/rollup-linux-arm-gnueabihf@4.50.0':
    optional: true

  '@rollup/rollup-linux-arm-musleabihf@4.50.0':
    optional: true

  '@rollup/rollup-linux-arm64-gnu@4.50.0':
    optional: true

  '@rollup/rollup-linux-arm64-musl@4.50.0':
    optional: true

  '@rollup/rollup-linux-loongarch64-gnu@4.50.0':
    optional: true

  '@rollup/rollup-linux-ppc64-gnu@4.50.0':
    optional: true

  '@rollup/rollup-linux-riscv64-gnu@4.50.0':
    optional: true

  '@rollup/rollup-linux-s390x-gnu@4.50.0':
    optional: true

  '@rollup/rollup-linux-x64-gnu@4.50.0':
    optional: true

  '@rollup/rollup-linux-x64-musl@4.50.0':
    optional: true

  '@rollup/rollup-openharmony-arm64@4.50.0':
    optional: true

  '@rollup/rollup-win32-arm64-msvc@4.50.0':
    optional: true

  '@rollup/rollup-win32-ia32-msvc@4.50.0':
    optional: true

  '@rollup/rollup-win32-x64-msvc@4.50.0':
    optional: true

  '@types/chai@5.2.2': {}

  '@vitest/expect@3.2.7':
    dependencies:
      '@types/chai': 5.2.2
      '@vitest/spy': 3.2.7
      '@vitest/utils': 3.2.7
      chai: 5.3.3
      tinyrainbow: 2.0.0

  '@vitest/mocker@3.2.7(vite@7.1.3)':
    dependencies:
      '@vitest/spy': 3.2.7
      estree-walker: 3.0.3
      magic-string: 0.30.18
    optionalDependencies:
      vite: 7.1.3

  '@vitest/pretty-format@3.2.7':
    dependencies:
      tinyrainbow: 2.0.0

  '@vitest/runner@3.2.7':
    dependencies:
      '@vitest/utils': 3.2.7
      pathe: 2.0.3
      strip-literal: 3.0.0

  '@vitest/snapshot@3.2.7':
    dependencies:
      '@vitest/pretty-format': 3.2.7
      magic-string: 0.30.18
      pathe: 2.0.3

  '@vitest/spy@3.2.7':
    dependencies:
      tinyspy: 4.0.3

  '@vitest/utils@3.2.7':
    dependencies:
      '@vitest/pretty-format': 3.2.7
      loupe: 3.2.1
      tinyrainbow: 2.0.0

  chai@5.3.3:
    dependencies:
      assertion-error: 2.0.1
      check-error: 2.1.1
      deep-eql: 5.0.2
      loupe: 3.2.1
      pathval: 2.0.1

  debug@4.4.1:
    dependencies:
      ms: 2.1.3

  es-module-lexer@1.7.0: {}

  esbuild@0.25.9:
    optionalDependencies:
      '@esbuild/aix-ppc64': 0.25.9
      '@esbuild/android-arm': 0.25.9
      '@esbuild/android-arm64': 0.25.9
      '@esbuild/android-x64': 0.25.9
      '@esbuild/darwin-arm64': 0.25.9
      '@esbuild/darwin-x64': 0.25.9
      '@esbuild/freebsd-arm64': 0.25.9
      '@esbuild/freebsd-x64': 0.25.9
      '@esbuild/linux-arm': 0.25.9
      '@esbuild/linux-arm64': 0.25.9
      '@esbuild/linux-ia32': 0.25.9
      '@esbuild/linux-loong64': 0.25.9
      '@esbuild/linux-mips64el': 0.25.9
      '@esbuild/linux-ppc64': 0.25.9
      '@esbuild/linux-riscv64': 0.25.9
      '@esbuild/linux-s390x': 0.25.9
      '@esbuild/linux-x64': 0.25.9
      '@esbuild/netbsd-arm64': 0.25.9
      '@esbuild/netbsd-x64': 0.25.9
      '@esbuild/openbsd-arm64': 0.25.9
      '@esbuild/openbsd-x64': 0.25.9
      '@esbuild/openharmony-arm64': 0.25.9
      '@esbuild/sunos-x64': 0.25.9
      '@esbuild/win32-arm64': 0.25.9
      '@esbuild/win32-ia32': 0.25.9
      '@esbuild/win32-x64': 0.25.9

  estree-walker@3.0.3:
    dependencies:
      '@jridgewell/sourcemap-codec': 1.5.5

  expect-type@1.2.2: {}

  fdir@6.5.0(picomatch@4.0.3):
    optionalDependencies:
      picomatch: 4.0.3

  loupe@3.2.1: {}

  magic-string@0.30.18:
    dependencies:
      '@jridgewell/sourcemap-codec': 1.5.5

  pathe@2.0.3: {}

  pathval@2.0.1: {}

  picocolors@1.1.1: {}

  picomatch@4.0.3: {}

  postcss@8.5.6:
    dependencies:
      nanoid: 3.3.11
      picocolors: 1.1.1
      source-map-js: 1.2.1

  rollup@4.50.0:
    dependencies:
      '@types/estree': 1.0.8
    optionalDependencies:
      '@rollup/rollup-android-arm-eabi': 4.50.0
      '@rollup/rollup-android-arm64': 4.50.0
      '@rollup/rollup-darwin-arm64': 4.50.0
      '@rollup/rollup-darwin-x64': 4.50.0
      '@rollup/rollup-freebsd-arm64': 4.50.0
      '@rollup/rollup-freebsd-x64': 4.50.0
      '@rollup/rollup-linux-arm-gnueabihf': 4.50.0
      '@rollup/rollup-linux-arm-musleabihf': 4.50.0
      '@rollup/rollup-linux-arm64-gnu': 4.50.0
      '@rollup/rollup-linux-arm64-musl': 4.50.0
      '@rollup/rollup-linux-loongarch64-gnu': 4.50.0
      '@rollup/rollup-linux-ppc64-gnu': 4.50.0
      '@rollup/rollup-linux-riscv64-gnu': 4.50.0
      '@rollup/rollup-linux-s390x-gnu': 4.50.0
      '@rollup/rollup-linux-x64-gnu': 4.50.0
      '@rollup/rollup-linux-x64-musl': 4.50.0
      '@rollup/rollup-openharmony-arm64': 4.50.0
      '@rollup/rollup-win32-arm64-msvc': 4.50.0
      '@rollup/rollup-win32-ia32-msvc': 4.50.0
      '@rollup/rollup-win32-x64-msvc': 4.50.0

  siginfo@2.0.0: {}

  source-map-js@1.2.1: {}

  stackback@0.0.2: {}

  std-env@3.9.0: {}

  tinybench@2.9.0: {}

  tinyexec@0.3.2: {}

  tinyglobby@0.2.14:
    dependencies:
      fdir: 6.5.0(picomatch@4.0.3)
      picomatch: 4.0.3

  tinypool@1.1.1: {}

  tinyrainbow@2.0.0: {}

  tinyspy@4.0.3: {}

  typescript@5.9.3: {}

  vite@7.1.3:
    dependencies:
      esbuild: 0.25.9
      fdir: 6.5.0(picomatch@4.0.3)
      picomatch: 4.0.3
      postcss: 8.5.6
      rollup: 4.50.0
      tinyglobby: 0.2.14
    optionalDependencies:
      fsevents: 2.3.3

  vitest@3.2.7:
    dependencies:
      '@types/chai': 5.2.2
      '@vitest/expect': 3.2.7
      '@vitest/mocker': 3.2.7(vite@7.1.3)
      '@vitest/pretty-format': 3.2.7
      '@vitest/runner': 3.2.7
      '@vitest/snapshot': 3.2.7
      '@vitest/spy': 3.2.7
      '@vitest/utils': 3.2.7
      chai: 5.3.3
      debug: 4.4.1
      expect-type: 1.2.2
      magic-string: 0.30.18
      pathe: 2.0.3
      picomatch: 4.0.3
      std-env: 3.9.0
      tinybench: 2.9.0
      tinyexec: 0.3.2
      tinypool: 1.1.1
      tinyrainbow: 2.0.0
      tinyspy: 4.0.3
      vite: 7.1.3
      why-is-node-running: 2.3.0

  why-is-node-running@2.3.0:
    dependencies:
      siginfo: 2.0.0
      stackback: 0.0.2